
Microsoft Visual Studio Solution File, Format Version 12.00
# Visual Studio Version 16
VisualStudioVersion = 16.0.30104.148
MinimumVisualStudioVersion = 10.0.40219.1
Project("{FAE04EC0-301F-11D3-BF4B-00C04F79EFBC}") = "UISpaceTelerikXStakeTraker.Android", "UISpaceTelerikXStakeTraker\Android\UISpaceTelerikXStakeTraker.Android.csproj", "{B5548174-E245-45FF-A052-6780F6FDADC5}"
EndProject
Project("{FAE04EC0-301F-11D3-BF4B-00C04F79EFBC}") = "UISpaceTelerikXStakeTraker.iOS", "UISpaceTelerikXStakeTraker\iOS\UISpaceTelerikXStakeTraker.iOS.csproj", "{9A03F632-337D-415C-9C93-625EA250C092}"
EndProject
Project("{FAE04EC0-301F-11D3-BF4B-00C04F79EFBC}") = "UISpaceTelerikXStakeTraker.Portable", "UISpaceTelerikXStakeTraker\Portable\UISpaceTelerikXStakeTraker.Portable.csproj", "{03F6165A-D70F-4793-935A-03B6D76E4C8C}"
EndProject
Global
	GlobalSection(SolutionConfigurationPlatforms) = preSolution
		Ad-Hoc|Any CPU = Ad-Hoc|Any CPU
		Ad-Hoc|iPhone = Ad-Hoc|iPhone
		Ad-Hoc|iPhoneSimulator = Ad-Hoc|iPhoneSimulator
		AppStore|Any CPU = AppStore|Any CPU
		AppStore|iPhone = AppStore|iPhone
		AppStore|iPhoneSimulator = AppStore|iPhoneSimulator
		Debug|Any CPU = Debug|Any CPU
		Debug|iPhone = Debug|iPhone
		Debug|iPhoneSimulator = Debug|iPhoneSimulator
		Release|Any CPU = Release|Any CPU
		Release|iPhone = Release|iPhone
		Release|iPhoneSimulator = Release|iPhoneSimulator
	EndGlobalSection
	GlobalSection(ProjectConfigurationPlatforms) = postSolution
		{B5548174-E245-45FF-A052-6780F6FDADC5}.Ad-Hoc|Any CPU.ActiveCfg = Release|Any CPU
		{B5548174-E245-45FF-A052-6780F6FDADC5}.Ad-Hoc|Any CPU.Build.0 = Release|Any CPU
		{B5548174-E245-45FF-A052-6780F6FDADC5}.Ad-Hoc|Any CPU.Deploy.0 = Release|Any CPU
		{B5548174-E245-45FF-A052-6780F6FDADC5}.Ad-Hoc|iPhone.ActiveCfg = Release|Any CPU
		{B5548174-E245-45FF-A052-6780F6FDADC5}.Ad-Hoc|iPhone.Build.0 = Release|Any CPU
		{B5548174-E245-45FF-A052-6780F6FDADC5}.Ad-Hoc|iPhone.Deploy.0 = Release|Any CPU
		{B5548174-E245-45FF-A052-6780F6FDADC5}.Ad-Hoc|iPhoneSimulator.ActiveCfg = Release|Any CPU
		{B5548174-E245-45FF-A052-6780F6FDADC5}.Ad-Hoc|iPhoneSimulator.Build.0 = Release|Any CPU
		{B5548174-E245-45FF-A052-6780F6FDADC5}.Ad-Hoc|iPhoneSimulator.Deploy.0 = Release|Any CPU
		{B5548174-E245-45FF-A052-6780F6FDADC5}.AppStore|Any CPU.ActiveCfg = Release|Any CPU
		{B5548174-E245-45FF-A052-6780F6FDADC5}.AppStore|Any CPU.Build.0 = Release|Any CPU
		{B5548174-E245-45FF-A052-6780F6FDADC5}.AppStore|Any CPU.Deploy.0 = Release|Any CPU
		{B5548174-E245-45FF-A052-6780F6FDADC5}.AppStore|iPhone.ActiveCfg = Release|Any CPU
		{B5548174-E245-45FF-A052-6780F6FDADC5}.AppStore|iPhone.Build.0 = Release|Any CPU
		{B5548174-E245-45FF-A052-6780F6FDADC5}.AppStore|iPhone.Deploy.0 = Release|Any CPU
		{B5548174-E245-45FF-A052-6780F6FDADC5}.AppStore|iPhoneSimulator.ActiveCfg = Release|Any CPU
		{B5548174-E245-45FF-A052-6780F6FDADC5}.AppStore|iPhoneSimulator.Build.0 = Release|Any CPU
		{B5548174-E245-45FF-A052-6780F6FDADC5}.AppStore|iPhoneSimulator.Deploy.0 = Release|Any CPU
		{B5548174-E245-45FF-A052-6780F6FDADC5}.Debug|Any CPU.ActiveCfg = Debug|Any CPU
		{B5548174-E245-45FF-A052-6780F6FDADC5}.Debug|Any CPU.Build.0 = Debug|Any CPU
		{B5548174-E245-45FF-A052-6780F6FDADC5}.Debug|Any CPU.Deploy.0 = Debug|Any CPU
		{B5548174-E245-45FF-A052-6780F6FDADC5}.Debug|iPhone.ActiveCfg = Debug|Any CPU
		{B5548174-E245-45FF-A052-6780F6FDADC5}.Debug|iPhone.Build.0 = Debug|Any CPU
		{B5548174-E245-45FF-A052-6780F6FDADC5}.Debug|iPhone.Deploy.0 = Debug|Any CPU
		{B5548174-E245-45FF-A052-6780F6FDADC5}.Debug|iPhoneSimulator.ActiveCfg = Debug|Any CPU
		{B5548174-E245-45FF-A052-6780F6FDADC5}.Debug|iPhoneSimulator.Build.0 = Debug|Any CPU
		{B5548174-E245-45FF-A052-6780F6FDADC5}.Debug|iPhoneSimulator.Deploy.0 = Debug|Any CPU
		{B5548174-E245-45FF-A052-6780F6FDADC5}.Release|Any CPU.ActiveCfg = Release|Any CPU
		{B5548174-E245-45FF-A052-6780F6FDADC5}.Release|Any CPU.Build.0 = Release|Any CPU
		{B5548174-E245-45FF-A052-6780F6FDADC5}.Release|Any CPU.Deploy.0 = Release|Any CPU
		{B5548174-E245-45FF-A052-6780F6FDADC5}.Release|iPhone.ActiveCfg = Release|Any CPU
		{B5548174-E245-45FF-A052-6780F6FDADC5}.Release|iPhone.Build.0 = Release|Any CPU
		{B5548174-E245-45FF-A052-6780F6FDADC5}.Release|iPhone.Deploy.0 = Release|Any CPU
		{B5548174-E245-45FF-A052-6780F6FDADC5}.Release|iPhoneSimulator.ActiveCfg = Release|Any CPU
		{B5548174-E245-45FF-A052-6780F6FDADC5}.Release|iPhoneSimulator.Build.0 = Release|Any CPU
		{B5548174-E245-45FF-A052-6780F6FDADC5}.Release|iPhoneSimulator.Deploy.0 = Release|Any CPU
		{9A03F632-337D-415C-9C93-625EA250C092}.Ad-Hoc|Any CPU.ActiveCfg = Ad-Hoc|iPhone
		{9A03F632-337D-415C-9C93-625EA250C092}.Ad-Hoc|iPhone.ActiveCfg = Ad-Hoc|iPhone
		{9A03F632-337D-415C-9C93-625EA250C092}.Ad-Hoc|iPhone.Build.0 = Ad-Hoc|iPhone
		{9A03F632-337D-415C-9C93-625EA250C092}.Ad-Hoc|iPhoneSimulator.ActiveCfg = Ad-Hoc|iPhoneSimulator
		{9A03F632-337D-415C-9C93-625EA250C092}.Ad-Hoc|iPhoneSimulator.Build.0 = Ad-Hoc|iPhoneSimulator
		{9A03F632-337D-415C-9C93-625EA250C092}.AppStore|Any CPU.ActiveCfg = AppStore|iPhone
		{9A03F632-337D-415C-9C93-625EA250C092}.AppStore|iPhone.ActiveCfg = AppStore|iPhone
		{9A03F632-337D-415C-9C93-625EA250C092}.AppStore|iPhone.Build.0 = AppStore|iPhone
		{9A03F632-337D-415C-9C93-625EA250C092}.AppStore|iPhoneSimulator.ActiveCfg = AppStore|iPhoneSimulator
		{9A03F632-337D-415C-9C93-625EA250C092}.AppStore|iPhoneSimulator.Build.0 = AppStore|iPhoneSimulator
		{9A03F632-337D-415C-9C93-625EA250C092}.Debug|Any CPU.ActiveCfg = Debug|iPhone
		{9A03F632-337D-415C-9C93-625EA250C092}.Debug|iPhone.ActiveCfg = Debug|iPhone
		{9A03F632-337D-415C-9C93-625EA250C092}.Debug|iPhone.Build.0 = Debug|iPhone
		{9A03F632-337D-415C-9C93-625EA250C092}.Debug|iPhoneSimulator.ActiveCfg = Debug|iPhoneSimulator
		{9A03F632-337D-415C-9C93-625EA250C092}.Debug|iPhoneSimulator.Build.0 = Debug|iPhoneSimulator
		{9A03F632-337D-415C-9C93-625EA250C092}.Release|Any CPU.ActiveCfg = Release|iPhone
		{9A03F632-337D-415C-9C93-625EA250C092}.Release|iPhone.ActiveCfg = Release|iPhone
		{9A03F632-337D-415C-9C93-625EA250C092}.Release|iPhone.Build.0 = Release|iPhone
		{9A03F632-337D-415C-9C93-625EA250C092}.Release|iPhoneSimulator.ActiveCfg = Release|iPhoneSimulator
		{9A03F632-337D-415C-9C93-625EA250C092}.Release|iPhoneSimulator.Build.0 = Release|iPhoneSimulator
		{03F6165A-D70F-4793-935A-03B6D76E4C8C}.Ad-Hoc|Any CPU.ActiveCfg = Debug|Any CPU
		{03F6165A-D70F-4793-935A-03B6D76E4C8C}.Ad-Hoc|Any CPU.Build.0 = Debug|Any CPU
		{03F6165A-D70F-4793-935A-03B6D76E4C8C}.Ad-Hoc|iPhone.ActiveCfg = Debug|Any CPU
		{03F6165A-D70F-4793-935A-03B6D76E4C8C}.Ad-Hoc|iPhone.Build.0 = Debug|Any CPU
		{03F6165A-D70F-4793-935A-03B6D76E4C8C}.Ad-Hoc|iPhoneSimulator.ActiveCfg = Debug|Any CPU
		{03F6165A-D70F-4793-935A-03B6D76E4C8C}.Ad-Hoc|iPhoneSimulator.Build.0 = Debug|Any CPU
		{03F6165A-D70F-4793-935A-03B6D76E4C8C}.AppStore|Any CPU.ActiveCfg = Debug|Any CPU
		{03F6165A-D70F-4793-935A-03B6D76E4C8C}.AppStore|Any CPU.Build.0 = Debug|Any CPU
		{03F6165A-D70F-4793-935A-03B6D76E4C8C}.AppStore|iPhone.ActiveCfg = Debug|Any CPU
		{03F6165A-D70F-4793-935A-03B6D76E4C8C}.AppStore|iPhone.Build.0 = Debug|Any CPU
		{03F6165A-D70F-4793-935A-03B6D76E4C8C}.AppStore|iPhoneSimulator.ActiveCfg = Debug|Any CPU
		{03F6165A-D70F-4793-935A-03B6D76E4C8C}.AppStore|iPhoneSimulator.Build.0 = Debug|Any CPU
		{03F6165A-D70F-4793-935A-03B6D76E4C8C}.Debug|Any CPU.ActiveCfg = Debug|Any CPU
		{03F6165A-D70F-4793-935A-03B6D76E4C8C}.Debug|Any CPU.Build.0 = Debug|Any CPU
		{03F6165A-D70F-4793-935A-03B6D76E4C8C}.Debug|iPhone.ActiveCfg = Debug|Any CPU
		{03F6165A-D70F-4793-935A-03B6D76E4C8C}.Debug|iPhone.Build.0 = Debug|Any CPU
		{03F6165A-D70F-4793-935A-03B6D76E4C8C}.Debug|iPhoneSimulator.ActiveCfg = Debug|Any CPU
		{03F6165A-D70F-4793-935A-03B6D76E4C8C}.Debug|iPhoneSimulator.Build.0 = Debug|Any CPU
		{03F6165A-D70F-4793-935A-03B6D76E4C8C}.Release|Any CPU.ActiveCfg = Release|Any CPU
		{03F6165A-D70F-4793-935A-03B6D76E4C8C}.Release|Any CPU.Build.0 = Release|Any CPU
		{03F6165A-D70F-4793-935A-03B6D76E4C8C}.Release|iPhone.ActiveCfg = Release|Any CPU
		{03F6165A-D70F-4793-935A-03B6D76E4C8C}.Release|iPhone.Build.0 = Release|Any CPU
		{03F6165A-D70F-4793-935A-03B6D76E4C8C}.Release|iPhoneSimulator.ActiveCfg = Release|Any CPU
		{03F6165A-D70F-4793-935A-03B6D76E4C8C}.Release|iPhoneSimulator.Build.0 = Release|Any CPU
	EndGlobalSection
	GlobalSection(SolutionProperties) = preSolution
		HideSolutionNode = FALSE
	EndGlobalSection
	GlobalSection(ExtensibilityGlobals) = postSolution
		SolutionGuid = {B20F1104-BD22-4275-B6FF-B167FE026764}
	EndGlobalSection
EndGlobal
